
Microsoft Visual Studio Solution File, Format Version 12.00
# Visual Studio Version 17
VisualStudioVersion = 17.3.32901.215
MinimumVisualStudioVersion = 10.0.40219.1
Project("{FAE04EC0-301F-11D3-BF4B-00C04F79EFBC}") = "Catchers_of_UFO", "Catchers_of_UFO\Catchers_of_UFO.csproj", "{3B804552-AEA4-4A18-8E3A-B3EF323CCC76}"
EndProject
Global
	GlobalSection(SolutionConfigurationPlatforms) = preSolution
		Debug|Any CPU = Debug|Any CPU
		Release|Any CPU = Release|Any CPU
	EndGlobalSection
	GlobalSection(ProjectConfigurationPlatforms) = postSolution
		{3B804552-AEA4-4A18-8E3A-B3EF323CCC76}.Debug|Any CPU.ActiveCfg = Debug|Any CPU
		{3B804552-AEA4-4A18-8E3A-B3EF323CCC76}.Debug|Any CPU.Build.0 = Debug|Any CPU
		{3B804552-AEA4-4A18-8E3A-B3EF323CCC76}.Release|Any CPU.ActiveCfg = Release|Any CPU
		{3B804552-AEA4-4A18-8E3A-B3EF323CCC76}.Release|Any CPU.Build.0 = Release|Any CPU
	EndGlobalSection
	GlobalSection(SolutionProperties) = preSolution
		HideSolutionNode = FALSE
	EndGlobalSection
	GlobalSection(ExtensibilityGlobals) = postSolution
		SolutionGuid = {A9765A4A-80C4-47C7-9DB0-3000DE69C535}
	EndGlobalSection
EndGlobal
